
Microsoft Visual Studio Solution File, Format Version 12.00
# Visual Studio Version 17
VisualStudioVersion = 17.10.35013.160
MinimumVisualStudioVersion = 10.0.40219.1
Project("{2150E333-8FDC-42A3-9474-1A3956D46DE8}") = "Src", "Src", "{63D1C964-584D-4169-A93B-25A2D64815A9}"
EndProject
Project("{FAE04EC0-301F-11D3-BF4B-00C04F79EFBC}") = "DDD.BaseModels", "Src\DDD.BaseModels\DDD.BaseModels.csproj", "{FFE5D710-FA82-4A62-BD28-F654E5BA233F}"
EndProject
Project("{FAE04EC0-301F-11D3-BF4B-00C04F79EFBC}") = "Test", "Src\Test\Test.csproj", "{EF326200-AF69-4816-8CE9-B4F802E16994}"
EndProject
Global
	GlobalSection(SolutionConfigurationPlatforms) = preSolution
		Debug|Any CPU = Debug|Any CPU
		Release|Any CPU = Release|Any CPU
	EndGlobalSection
	GlobalSection(ProjectConfigurationPlatforms) = postSolution
		{FFE5D710-FA82-4A62-BD28-F654E5BA233F}.Debug|Any CPU.ActiveCfg = Debug|Any CPU
		{FFE5D710-FA82-4A62-BD28-F654E5BA233F}.Debug|Any CPU.Build.0 = Debug|Any CPU
		{FFE5D710-FA82-4A62-BD28-F654E5BA233F}.Release|Any CPU.ActiveCfg = Release|Any CPU
		{FFE5D710-FA82-4A62-BD28-F654E5BA233F}.Release|Any CPU.Build.0 = Release|Any CPU
		{EF326200-AF69-4816-8CE9-B4F802E16994}.Debug|Any CPU.ActiveCfg = Debug|Any CPU
		{EF326200-AF69-4816-8CE9-B4F802E16994}.Debug|Any CPU.Build.0 = Debug|Any CPU
		{EF326200-AF69-4816-8CE9-B4F802E16994}.Release|Any CPU.ActiveCfg = Release|Any CPU
		{EF326200-AF69-4816-8CE9-B4F802E16994}.Release|Any CPU.Build.0 = Release|Any CPU
	EndGlobalSection
	GlobalSection(SolutionProperties) = preSolution
		HideSolutionNode = FALSE
	EndGlobalSection
	GlobalSection(NestedProjects) = preSolution
		{FFE5D710-FA82-4A62-BD28-F654E5BA233F} = {63D1C964-584D-4169-A93B-25A2D64815A9}
		{EF326200-AF69-4816-8CE9-B4F802E16994} = {63D1C964-584D-4169-A93B-25A2D64815A9}
	EndGlobalSection
	GlobalSection(ExtensibilityGlobals) = postSolution
		SolutionGuid = {A6AFEA00-3677-469D-9A50-4E3939CE567B}
	EndGlobalSection
EndGlobal
